
Microsoft Visual Studio Solution File, Format Version 12.00
# Visual Studio Version 17
VisualStudioVersion = 17.12.35521.163 d17.12
MinimumVisualStudioVersion = 10.0.40219.1
Project("{FAE04EC0-301F-11D3-BF4B-00C04F79EFBC}") = "CoursePlanner_Backend", "CoursePlanner_Backend.csproj", "{8616FF9F-6260-43BD-9751-7686E8799AF0}"
EndProject
Global
	GlobalSection(SolutionConfigurationPlatforms) = preSolution
		Debug|Any CPU = Debug|Any CPU
		Release|Any CPU = Release|Any CPU
	EndGlobalSection
	GlobalSection(ProjectConfigurationPlatforms) = postSolution
		{8616FF9F-6260-43BD-9751-7686E8799AF0}.Debug|Any CPU.ActiveCfg = Debug|Any CPU
		{8616FF9F-6260-43BD-9751-7686E8799AF0}.Debug|Any CPU.Build.0 = Debug|Any CPU
		{8616FF9F-6260-43BD-9751-7686E8799AF0}.Release|Any CPU.ActiveCfg = Release|Any CPU
		{8616FF9F-6260-43BD-9751-7686E8799AF0}.Release|Any CPU.Build.0 = Release|Any CPU
	EndGlobalSection
	GlobalSection(SolutionProperties) = preSolution
		HideSolutionNode = FALSE
	EndGlobalSection
EndGlobal
